
Microsoft Visual Studio Solution File, Format Version 12.00
# Visual Studio 15
VisualStudioVersion = 15.0.28307.421
MinimumVisualStudioVersion = 10.0.40219.1
Project("{FAE04EC0-301F-11D3-BF4B-00C04F79EFBC}") = "AutomationProject", "AutomationProject\AutomationProject.csproj", "{C7C1928B-CF50-44FB-A02E-DCE00D9BB7B9}"
EndProject
Global
	GlobalSection(SolutionConfigurationPlatforms) = preSolution
		Debug|Any CPU = Debug|Any CPU
		Release|Any CPU = Release|Any CPU
	EndGlobalSection
	GlobalSection(ProjectConfigurationPlatforms) = postSolution
		{C7C1928B-CF50-44FB-A02E-DCE00D9BB7B9}.Debug|Any CPU.ActiveCfg = Debug|Any CPU
		{C7C1928B-CF50-44FB-A02E-DCE00D9BB7B9}.Debug|Any CPU.Build.0 = Debug|Any CPU
		{C7C1928B-CF50-44FB-A02E-DCE00D9BB7B9}.Release|Any CPU.ActiveCfg = Release|Any CPU
		{C7C1928B-CF50-44FB-A02E-DCE00D9BB7B9}.Release|Any CPU.Build.0 = Release|Any CPU
	EndGlobalSection
	GlobalSection(SolutionProperties) = preSolution
		HideSolutionNode = FALSE
	EndGlobalSection
	GlobalSection(ExtensibilityGlobals) = postSolution
		SolutionGuid = {3EF7FF0E-36A7-449D-B281-A128AD434A01}
	EndGlobalSection
EndGlobal
